
Microsoft Visual Studio Solution File, Format Version 12.00
# Visual Studio Version 16
VisualStudioVersion = 16.0.32929.386
MinimumVisualStudioVersion = 10.0.40219.1
Project("{FAE04EC0-301F-11D3-BF4B-00C04F79EFBC}") = "TestIP", "TestIP.csproj", "{1D3EE49A-C794-430D-ABFD-97DF891FFFDE}"
EndProject
Global
	GlobalSection(SolutionConfigurationPlatforms) = preSolution
		Debug|Any CPU = Debug|Any CPU
		Release|Any CPU = Release|Any CPU
	EndGlobalSection
	GlobalSection(ProjectConfigurationPlatforms) = postSolution
		{1D3EE49A-C794-430D-ABFD-97DF891FFFDE}.Debug|Any CPU.ActiveCfg = Debug|Any CPU
		{1D3EE49A-C794-430D-ABFD-97DF891FFFDE}.Debug|Any CPU.Build.0 = Debug|Any CPU
		{1D3EE49A-C794-430D-ABFD-97DF891FFFDE}.Release|Any CPU.ActiveCfg = Release|Any CPU
		{1D3EE49A-C794-430D-ABFD-97DF891FFFDE}.Release|Any CPU.Build.0 = Release|Any CPU
	EndGlobalSection
	GlobalSection(SolutionProperties) = preSolution
		HideSolutionNode = FALSE
	EndGlobalSection
	GlobalSection(ExtensibilityGlobals) = postSolution
		SolutionGuid = {4FDF6C5B-D29D-46A8-B677-3C49A79D59C2}
	EndGlobalSection
EndGlobal
